{
  "version": 4,
  "terraform_version": "1.2.4",
  "serial": 63,
  "lineage": "54c6141b-be36-ff55-febc-c3e88ef413de",
  "outputs": {},
  "resources": [
    {
      "mode": "managed",
      "type": "aws_api_gateway_deployment",
      "name": "api_gateway_deployment",
      "provider": "provider[\"registry.terraform.io/hashicorp/aws\"]",
      "instances": [
        {
          "schema_version": 0,
          "attributes": {
            "created_date": "2022-11-28T22:20:59Z",
            "description": "",
            "execution_arn": "arn:aws:execute-api:us-east-2:692117413392:bub5dm1qu9/",
            "id": "u027xx",
            "invoke_url": "https://bub5dm1qu9.execute-api.us-east-2.amazonaws.com/",
            "rest_api_id": "bub5dm1qu9",
            "stage_description": null,
            "stage_name": null,
            "triggers": {
              "redeployment": "cc173ca2aa65583327a5152ce382aed4c919e325"
            },
            "variables": null
          },
          "sensitive_attributes": [],
          "private": "bnVsbA==",
          "dependencies": [
            "aws_api_gateway_integration.frontend_file_handler",
            "aws_api_gateway_integration.index_file_handler",
            "aws_api_gateway_integration_response.frontend_file_integration_response",
            "aws_api_gateway_integration_response.index_file_integration_response",
            "aws_api_gateway_method.frontend_file_method",
            "aws_api_gateway_method.index_file_method",
            "aws_api_gateway_method_response.frontend_file_method_response",
            "aws_api_gateway_method_response.index_file_method_response",
            "aws_api_gateway_resource.frontend_file_resource",
            "aws_api_gateway_rest_api.frontend_api_gateway"
          ],
          "create_before_destroy": true
        }
      ]
    },
    {
      "mode": "managed",
      "type": "aws_api_gateway_integration",
      "name": "frontend_file_handler",
      "provider": "provider[\"registry.terraform.io/hashicorp/aws\"]",
      "instances": [
        {
          "schema_version": 0,
          "attributes": {
            "cache_key_parameters": [],
            "cache_namespace": "x682op",
            "connection_id": "",
            "connection_type": "INTERNET",
            "content_handling": "",
            "credentials": "arn:aws:iam::692117413392:role/api-gateway-s3-role",
            "http_method": "GET",
            "id": "agi-bub5dm1qu9-x682op-GET",
            "integration_http_method": "GET",
            "passthrough_behavior": "WHEN_NO_MATCH",
            "request_parameters": {
              "integration.request.header.Accept": "method.request.header.Accept",
              "integration.request.header.Content-Type": "method.request.header.Content-Type",
              "integration.request.path.path": "method.request.path.path"
            },
            "request_templates": {},
            "resource_id": "x682op",
            "rest_api_id": "bub5dm1qu9",
            "timeout_milliseconds": 29000,
            "tls_config": [],
            "type": "AWS",
            "uri": "arn:aws:apigateway:us-east-2:s3:path/hg-s3-frontend-bucket/{path}"
          },
          "sensitive_attributes": [],
          "private": "bnVsbA==",
          "dependencies": [
            "aws_api_gateway_method.frontend_file_method",
            "aws_api_gateway_resource.frontend_file_resource",
            "aws_api_gateway_rest_api.frontend_api_gateway",
            "aws_iam_role.role",
            "aws_s3_bucket.bucket"
          ],
          "create_before_destroy": true
        }
      ]
    },
    {
      "mode": "managed",
      "type": "aws_api_gateway_integration",
      "name": "index_file_handler",
      "provider": "provider[\"registry.terraform.io/hashicorp/aws\"]",
      "instances": [
        {
          "schema_version": 0,
          "attributes": {
            "cache_key_parameters": [],
            "cache_namespace": "h6qecdh72i",
            "connection_id": "",
            "connection_type": "INTERNET",
            "content_handling": "",
            "credentials": "arn:aws:iam::692117413392:role/api-gateway-s3-role",
            "http_method": "GET",
            "id": "agi-bub5dm1qu9-h6qecdh72i-GET",
            "integration_http_method": "GET",
            "passthrough_behavior": "WHEN_NO_MATCH",
            "request_parameters": {
              "integration.request.header.Accept": "method.request.header.Accept",
              "integration.request.header.Content-Type": "method.request.header.Content-Type",
              "integration.request.path.path": "method.request.path.path"
            },
            "request_templates": {},
            "resource_id": "h6qecdh72i",
            "rest_api_id": "bub5dm1qu9",
            "timeout_milliseconds": 29000,
            "tls_config": [],
            "type": "AWS",
            "uri": "arn:aws:apigateway:us-east-2:s3:path/hg-s3-frontend-bucket/index.html"
          },
          "sensitive_attributes": [],
          "private": "bnVsbA==",
          "dependencies": [
            "aws_api_gateway_method.index_file_method",
            "aws_api_gateway_rest_api.frontend_api_gateway",
            "aws_iam_role.role",
            "aws_s3_bucket.bucket"
          ],
          "create_before_destroy": true
        }
      ]
    },
    {
      "mode": "managed",
      "type": "aws_api_gateway_integration_response",
      "name": "frontend_file_integration_response",
      "provider": "provider[\"registry.terraform.io/hashicorp/aws\"]",
      "instances": [
        {
          "schema_version": 0,
          "attributes": {
            "content_handling": "",
            "http_method": "GET",
            "id": "agir-bub5dm1qu9-x682op-GET-200",
            "resource_id": "x682op",
            "response_parameters": {
              "method.response.header.Content-Length": "integration.response.header.Content-Length",
              "method.response.header.Content-Type": "integration.response.header.Content-Type"
            },
            "response_templates": {},
            "rest_api_id": "bub5dm1qu9",
            "selection_pattern": "",
            "status_code": "200"
          },
          "sensitive_attributes": [],
          "private": "bnVsbA==",
          "dependencies": [
            "aws_api_gateway_method.frontend_file_method",
            "aws_api_gateway_method_response.frontend_file_method_response",
            "aws_api_gateway_resource.frontend_file_resource",
            "aws_api_gateway_rest_api.frontend_api_gateway"
          ],
          "create_before_destroy": true
        }
      ]
    },
    {
      "mode": "managed",
      "type": "aws_api_gateway_integration_response",
      "name": "index_file_integration_response",
      "provider": "provider[\"registry.terraform.io/hashicorp/aws\"]",
      "instances": [
        {
          "schema_version": 0,
          "attributes": {
            "content_handling": "",
            "http_method": "GET",
            "id": "agir-bub5dm1qu9-h6qecdh72i-GET-200",
            "resource_id": "h6qecdh72i",
            "response_parameters": {
              "method.response.header.Content-Length": "integration.response.header.Content-Length",
              "method.response.header.Content-Type": "integration.response.header.Content-Type"
            },
            "response_templates": {},
            "rest_api_id": "bub5dm1qu9",
            "selection_pattern": "",
            "status_code": "200"
          },
          "sensitive_attributes": [],
          "private": "bnVsbA==",
          "dependencies": [
            "aws_api_gateway_method.index_file_method",
            "aws_api_gateway_method_response.index_file_method_response",
            "aws_api_gateway_rest_api.frontend_api_gateway"
          ],
          "create_before_destroy": true
        }
      ]
    },
    {
      "mode": "managed",
      "type": "aws_api_gateway_method",
      "name": "frontend_file_method",
      "provider": "provider[\"registry.terraform.io/hashicorp/aws\"]",
      "instances": [
        {
          "schema_version": 0,
          "attributes": {
            "api_key_required": false,
            "authorization": "NONE",
            "authorization_scopes": [],
            "authorizer_id": "",
            "http_method": "GET",
            "id": "agm-bub5dm1qu9-x682op-GET",
            "operation_name": "",
            "request_models": {},
            "request_parameters": {
              "method.request.header.Accept": true,
              "method.request.header.Content-Type": true,
              "method.request.path.path": true
            },
            "request_validator_id": "",
            "resource_id": "x682op",
            "rest_api_id": "bub5dm1qu9"
          },
          "sensitive_attributes": [],
          "private": "bnVsbA==",
          "dependencies": [
            "aws_api_gateway_resource.frontend_file_resource",
            "aws_api_gateway_rest_api.frontend_api_gateway"
          ],
          "create_before_destroy": true
        }
      ]
    },
    {
      "mode": "managed",
      "type": "aws_api_gateway_method",
      "name": "index_file_method",
      "provider": "provider[\"registry.terraform.io/hashicorp/aws\"]",
      "instances": [
        {
          "schema_version": 0,
          "attributes": {
            "api_key_required": false,
            "authorization": "NONE",
            "authorization_scopes": [],
            "authorizer_id": "",
            "http_method": "GET",
            "id": "agm-bub5dm1qu9-h6qecdh72i-GET",
            "operation_name": "",
            "request_models": {},
            "request_parameters": {
              "method.request.header.Accept": true,
              "method.request.header.Content-Type": true,
              "method.request.path.path": true
            },
            "request_validator_id": "",
            "resource_id": "h6qecdh72i",
            "rest_api_id": "bub5dm1qu9"
          },
          "sensitive_attributes": [],
          "private": "bnVsbA==",
          "dependencies": [
            "aws_api_gateway_rest_api.frontend_api_gateway"
          ],
          "create_before_destroy": true
        }
      ]
    },
    {
      "mode": "managed",
      "type": "aws_api_gateway_method_response",
      "name": "frontend_file_method_response",
      "provider": "provider[\"registry.terraform.io/hashicorp/aws\"]",
      "instances": [
        {
          "schema_version": 0,
          "attributes": {
            "http_method": "GET",
            "id": "agmr-bub5dm1qu9-x682op-GET-200",
            "resource_id": "x682op",
            "response_models": {},
            "response_parameters": {
              "method.response.header.Content-Length": true,
              "method.response.header.Content-Type": true
            },
            "rest_api_id": "bub5dm1qu9",
            "status_code": "200"
          },
          "sensitive_attributes": [],
          "private": "bnVsbA==",
          "dependencies": [
            "aws_api_gateway_method.frontend_file_method",
            "aws_api_gateway_resource.frontend_file_resource",
            "aws_api_gateway_rest_api.frontend_api_gateway"
          ],
          "create_before_destroy": true
        }
      ]
    },
    {
      "mode": "managed",
      "type": "aws_api_gateway_method_response",
      "name": "index_file_method_response",
      "provider": "provider[\"registry.terraform.io/hashicorp/aws\"]",
      "instances": [
        {
          "schema_version": 0,
          "attributes": {
            "http_method": "GET",
            "id": "agmr-bub5dm1qu9-h6qecdh72i-GET-200",
            "resource_id": "h6qecdh72i",
            "response_models": {},
            "response_parameters": {
              "method.response.header.Content-Length": true,
              "method.response.header.Content-Type": true
            },
            "rest_api_id": "bub5dm1qu9",
            "status_code": "200"
          },
          "sensitive_attributes": [],
          "private": "bnVsbA==",
          "dependencies": [
            "aws_api_gateway_method.index_file_method",
            "aws_api_gateway_rest_api.frontend_api_gateway"
          ],
          "create_before_destroy": true
        }
      ]
    },
    {
      "mode": "managed",
      "type": "aws_api_gateway_resource",
      "name": "frontend_file_resource",
      "provider": "provider[\"registry.terraform.io/hashicorp/aws\"]",
      "instances": [
        {
          "schema_version": 0,
          "attributes": {
            "id": "x682op",
            "parent_id": "h6qecdh72i",
            "path": "/{path}",
            "path_part": "{path}",
            "rest_api_id": "bub5dm1qu9"
          },
          "sensitive_attributes": [],
          "private": "bnVsbA==",
          "dependencies": [
            "aws_api_gateway_rest_api.frontend_api_gateway"
          ],
          "create_before_destroy": true
        }
      ]
    },
    {
      "mode": "managed",
      "type": "aws_api_gateway_rest_api",
      "name": "frontend_api_gateway",
      "provider": "provider[\"registry.terraform.io/hashicorp/aws\"]",
      "instances": [
        {
          "schema_version": 0,
          "attributes": {
            "api_key_source": "HEADER",
            "arn": "arn:aws:apigateway:us-east-2::/restapis/bub5dm1qu9",
            "binary_media_types": [],
            "body": null,
            "created_date": "2022-11-28T21:11:58Z",
            "description": "",
            "disable_execute_api_endpoint": false,
            "endpoint_configuration": [
              {
                "types": [
                  "EDGE"
                ],
                "vpc_endpoint_ids": []
              }
            ],
            "execution_arn": "arn:aws:execute-api:us-east-2:692117413392:bub5dm1qu9",
            "id": "bub5dm1qu9",
            "minimum_compression_size": -1,
            "name": "FrontendGateway",
            "parameters": null,
            "policy": "",
            "put_rest_api_mode": null,
            "root_resource_id": "h6qecdh72i",
            "tags": {},
            "tags_all": {}
          },
          "sensitive_attributes": [],
          "private": "bnVsbA==",
          "create_before_destroy": true
        }
      ]
    },
    {
      "mode": "managed",
      "type": "aws_api_gateway_stage",
      "name": "v1_api_gateway_stage",
      "provider": "provider[\"registry.terraform.io/hashicorp/aws\"]",
      "instances": [
        {
          "schema_version": 0,
          "attributes": {
            "access_log_settings": [],
            "arn": "arn:aws:apigateway:us-east-2::/restapis/bub5dm1qu9/stages/v1",
            "cache_cluster_enabled": false,
            "cache_cluster_size": "",
            "canary_settings": [],
            "client_certificate_id": "",
            "deployment_id": "u027xx",
            "description": "",
            "documentation_version": "",
            "execution_arn": "arn:aws:execute-api:us-east-2:692117413392:bub5dm1qu9/v1",
            "id": "ags-bub5dm1qu9-v1",
            "invoke_url": "https://bub5dm1qu9.execute-api.us-east-2.amazonaws.com/v1",
            "rest_api_id": "bub5dm1qu9",
            "stage_name": "v1",
            "tags": null,
            "tags_all": {},
            "variables": null,
            "web_acl_arn": "",
            "xray_tracing_enabled": false
          },
          "sensitive_attributes": [],
          "private": "bnVsbA==",
          "dependencies": [
            "aws_api_gateway_deployment.api_gateway_deployment",
            "aws_api_gateway_integration.frontend_file_handler",
            "aws_api_gateway_integration.index_file_handler",
            "aws_api_gateway_integration_response.frontend_file_integration_response",
            "aws_api_gateway_integration_response.index_file_integration_response",
            "aws_api_gateway_method.frontend_file_method",
            "aws_api_gateway_method.index_file_method",
            "aws_api_gateway_method_response.frontend_file_method_response",
            "aws_api_gateway_method_response.index_file_method_response",
            "aws_api_gateway_resource.frontend_file_resource",
            "aws_api_gateway_rest_api.frontend_api_gateway"
          ]
        }
      ]
    },
    {
      "mode": "managed",
      "type": "aws_iam_policy",
      "name": "policy",
      "provider": "provider[\"registry.terraform.io/hashicorp/aws\"]",
      "instances": [
        {
          "schema_version": 0,
          "attributes": {
            "arn": "arn:aws:iam::692117413392:policy/api-gateway-s3-policy",
            "description": "A test policy",
            "id": "arn:aws:iam::692117413392:policy/api-gateway-s3-policy",
            "name": "api-gateway-s3-policy",
            "name_prefix": null,
            "path": "/",
            "policy": "{\"Statement\":[{\"Action\":[\"logs:CreateLogGroup\",\"logs:CreateLogStream\",\"logs:PutLogEvents\"],\"Effect\":\"Allow\",\"Resource\":\"arn:aws:logs:*:*:*\"},{\"Action\":[\"s3:*\"],\"Effect\":\"Allow\",\"Resource\":\"arn:aws:s3:::*\"}],\"Version\":\"2012-10-17\"}",
            "policy_id": "ANPA2CJLJTYIGQWCDX44E",
            "tags": {},
            "tags_all": {}
          },
          "sensitive_attributes": [],
          "private": "bnVsbA=="
        }
      ]
    },
    {
      "mode": "managed",
      "type": "aws_iam_role",
      "name": "role",
      "provider": "provider[\"registry.terraform.io/hashicorp/aws\"]",
      "instances": [
        {
          "schema_version": 0,
          "attributes": {
            "arn": "arn:aws:iam::692117413392:role/api-gateway-s3-role",
            "assume_role_policy": "{\"Statement\":[{\"Action\":\"sts:AssumeRole\",\"Effect\":\"Allow\",\"Principal\":{\"Service\":\"apigateway.amazonaws.com\"},\"Sid\":\"\"}],\"Version\":\"2012-10-17\"}",
            "create_date": "2022-11-28T21:11:58Z",
            "description": "",
            "force_detach_policies": false,
            "id": "api-gateway-s3-role",
            "inline_policy": [],
            "managed_policy_arns": [
              "arn:aws:iam::692117413392:policy/api-gateway-s3-policy"
            ],
            "max_session_duration": 3600,
            "name": "api-gateway-s3-role",
            "name_prefix": "",
            "path": "/",
            "permissions_boundary": null,
            "tags": {},
            "tags_all": {},
            "unique_id": "AROA2CJLJTYIKNFN64QLM"
          },
          "sensitive_attributes": [],
          "private": "bnVsbA==",
          "create_before_destroy": true
        }
      ]
    },
    {
      "mode": "managed",
      "type": "aws_iam_role_policy_attachment",
      "name": "test-attach",
      "provider": "provider[\"registry.terraform.io/hashicorp/aws\"]",
      "instances": [
        {
          "schema_version": 0,
          "attributes": {
            "id": "api-gateway-s3-role-20221128211158693700000001",
            "policy_arn": "arn:aws:iam::692117413392:policy/api-gateway-s3-policy",
            "role": "api-gateway-s3-role"
          },
          "sensitive_attributes": [],
          "private": "bnVsbA==",
          "dependencies": [
            "aws_iam_policy.policy",
            "aws_iam_role.role"
          ]
        }
      ]
    },
    {
      "mode": "managed",
      "type": "aws_s3_bucket",
      "name": "bucket",
      "provider": "provider[\"registry.terraform.io/hashicorp/aws\"]",
      "instances": [
        {
          "schema_version": 0,
          "attributes": {
            "acceleration_status": "",
            "acl": null,
            "arn": "arn:aws:s3:::hg-s3-frontend-bucket",
            "bucket": "hg-s3-frontend-bucket",
            "bucket_domain_name": "hg-s3-frontend-bucket.s3.amazonaws.com",
            "bucket_prefix": null,
            "bucket_regional_domain_name": "hg-s3-frontend-bucket.s3.us-east-2.amazonaws.com",
            "cors_rule": [],
            "force_destroy": false,
            "grant": [
              {
                "id": "9175b79444378787f05c968fd3fd2f3c0a01fca6f4a1ec7f967fbba141158bca",
                "permissions": [
                  "FULL_CONTROL"
                ],
                "type": "CanonicalUser",
                "uri": ""
              }
            ],
            "hosted_zone_id": "Z2O1EMRO9K5GLX",
            "id": "hg-s3-frontend-bucket",
            "lifecycle_rule": [],
            "logging": [],
            "object_lock_configuration": [],
            "object_lock_enabled": false,
            "policy": "",
            "region": "us-east-2",
            "replication_configuration": [],
            "request_payer": "BucketOwner",
            "server_side_encryption_configuration": [],
            "tags": {},
            "tags_all": {},
            "timeouts": null,
            "versioning": [
              {
                "enabled": false,
                "mfa_delete": false
              }
            ],
            "website": [],
            "website_domain": null,
            "website_endpoint": null
          },
          "sensitive_attributes": [],
          "private": "eyJlMmJmYjczMC1lY2FhLTExZTYtOGY4OC0zNDM2M2JjN2M0YzAiOnsiY3JlYXRlIjoxMjAwMDAwMDAwMDAwLCJkZWxldGUiOjM2MDAwMDAwMDAwMDAsInJlYWQiOjEyMDAwMDAwMDAwMDAsInVwZGF0ZSI6MTIwMDAwMDAwMDAwMH19",
          "create_before_destroy": true
        }
      ]
    },
    {
      "mode": "managed",
      "type": "aws_s3_bucket_acl",
      "name": "example",
      "provider": "provider[\"registry.terraform.io/hashicorp/aws\"]",
      "instances": [
        {
          "schema_version": 0,
          "attributes": {
            "access_control_policy": [
              {
                "grant": [
                  {
                    "grantee": [
                      {
                        "display_name": "",
                        "email_address": "",
                        "id": "9175b79444378787f05c968fd3fd2f3c0a01fca6f4a1ec7f967fbba141158bca",
                        "type": "CanonicalUser",
                        "uri": ""
                      }
                    ],
                    "permission": "FULL_CONTROL"
                  }
                ],
                "owner": [
                  {
                    "display_name": "",
                    "id": "9175b79444378787f05c968fd3fd2f3c0a01fca6f4a1ec7f967fbba141158bca"
                  }
                ]
              }
            ],
            "acl": "private",
            "bucket": "hg-s3-frontend-bucket",
            "expected_bucket_owner": "",
            "id": "hg-s3-frontend-bucket,private"
          },
          "sensitive_attributes": [],
          "private": "bnVsbA==",
          "dependencies": [
            "aws_s3_bucket.bucket"
          ]
        }
      ]
    },
    {
      "mode": "managed",
      "type": "aws_s3_object",
      "name": "file_upload",
      "provider": "provider[\"registry.terraform.io/hashicorp/aws\"]",
      "instances": [
        {
          "index_key": "652.bootstrap.js",
          "schema_version": 0,
          "attributes": {
            "acl": "private",
            "bucket": "hg-s3-frontend-bucket",
            "bucket_key_enabled": false,
            "cache_control": "",
            "content": null,
            "content_base64": null,
            "content_disposition": "",
            "content_encoding": "",
            "content_language": "",
            "content_type": "binary/octet-stream",
            "etag": "91ae268d74c13eef66fcbccbd35ce271",
            "force_destroy": false,
            "id": "652.bootstrap.js",
            "key": "652.bootstrap.js",
            "kms_key_id": null,
            "metadata": {},
            "object_lock_legal_hold_status": "",
            "object_lock_mode": "",
            "object_lock_retain_until_date": "",
            "server_side_encryption": "",
            "source": "./../dist/652.bootstrap.js",
            "source_hash": null,
            "storage_class": "STANDARD",
            "tags": {},
            "tags_all": {},
            "version_id": "",
            "website_redirect": ""
          },
          "sensitive_attributes": [],
          "private": "bnVsbA==",
          "dependencies": [
            "aws_s3_bucket.bucket"
          ]
        },
        {
          "index_key": "935.bootstrap.js",
          "schema_version": 0,
          "attributes": {
            "acl": "private",
            "bucket": "hg-s3-frontend-bucket",
            "bucket_key_enabled": false,
            "cache_control": "",
            "content": null,
            "content_base64": null,
            "content_disposition": "",
            "content_encoding": "",
            "content_language": "",
            "content_type": "binary/octet-stream",
            "etag": "4e33d8517b678390c5c40eff649c2cfd",
            "force_destroy": false,
            "id": "935.bootstrap.js",
            "key": "935.bootstrap.js",
            "kms_key_id": null,
            "metadata": {},
            "object_lock_legal_hold_status": "",
            "object_lock_mode": "",
            "object_lock_retain_until_date": "",
            "server_side_encryption": "",
            "source": "./../dist/935.bootstrap.js",
            "source_hash": null,
            "storage_class": "STANDARD",
            "tags": {},
            "tags_all": {},
            "version_id": "",
            "website_redirect": ""
          },
          "sensitive_attributes": [],
          "private": "bnVsbA==",
          "dependencies": [
            "aws_s3_bucket.bucket"
          ]
        },
        {
          "index_key": "935.bootstrap.js.LICENSE.txt",
          "schema_version": 0,
          "attributes": {
            "acl": "private",
            "bucket": "hg-s3-frontend-bucket",
            "bucket_key_enabled": false,
            "cache_control": "",
            "content": null,
            "content_base64": null,
            "content_disposition": "",
            "content_encoding": "",
            "content_language": "",
            "content_type": "binary/octet-stream",
            "etag": "570d362d673dab785e62d2b8563e1118",
            "force_destroy": false,
            "id": "935.bootstrap.js.LICENSE.txt",
            "key": "935.bootstrap.js.LICENSE.txt",
            "kms_key_id": null,
            "metadata": {},
            "object_lock_legal_hold_status": "",
            "object_lock_mode": "",
            "object_lock_retain_until_date": "",
            "server_side_encryption": "",
            "source": "./../dist/935.bootstrap.js.LICENSE.txt",
            "source_hash": null,
            "storage_class": "STANDARD",
            "tags": {},
            "tags_all": {},
            "version_id": "",
            "website_redirect": ""
          },
          "sensitive_attributes": [],
          "private": "bnVsbA==",
          "dependencies": [
            "aws_s3_bucket.bucket"
          ]
        },
        {
          "index_key": "bootstrap.js",
          "schema_version": 0,
          "attributes": {
            "acl": "private",
            "bucket": "hg-s3-frontend-bucket",
            "bucket_key_enabled": false,
            "cache_control": "",
            "content": null,
            "content_base64": null,
            "content_disposition": "",
            "content_encoding": "",
            "content_language": "",
            "content_type": "binary/octet-stream",
            "etag": "c99797672e5851a7482306450c2da471",
            "force_destroy": false,
            "id": "bootstrap.js",
            "key": "bootstrap.js",
            "kms_key_id": null,
            "metadata": {},
            "object_lock_legal_hold_status": "",
            "object_lock_mode": "",
            "object_lock_retain_until_date": "",
            "server_side_encryption": "",
            "source": "./../dist/bootstrap.js",
            "source_hash": null,
            "storage_class": "STANDARD",
            "tags": {},
            "tags_all": {},
            "version_id": "",
            "website_redirect": ""
          },
          "sensitive_attributes": [],
          "private": "bnVsbA==",
          "dependencies": [
            "aws_s3_bucket.bucket"
          ]
        },
        {
          "index_key": "index.html",
          "schema_version": 0,
          "attributes": {
            "acl": "private",
            "bucket": "hg-s3-frontend-bucket",
            "bucket_key_enabled": false,
            "cache_control": "",
            "content": null,
            "content_base64": null,
            "content_disposition": "",
            "content_encoding": "",
            "content_language": "",
            "content_type": "binary/octet-stream",
            "etag": "5ab52a8952b0e697042fc9a394a70f36",
            "force_destroy": false,
            "id": "index.html",
            "key": "index.html",
            "kms_key_id": null,
            "metadata": {},
            "object_lock_legal_hold_status": "",
            "object_lock_mode": "",
            "object_lock_retain_until_date": "",
            "server_side_encryption": "",
            "source": "./../dist/index.html",
            "source_hash": null,
            "storage_class": "STANDARD",
            "tags": {},
            "tags_all": {},
            "version_id": "",
            "website_redirect": ""
          },
          "sensitive_attributes": [],
          "private": "bnVsbA==",
          "dependencies": [
            "aws_s3_bucket.bucket"
          ]
        },
        {
          "index_key": "style.css",
          "schema_version": 0,
          "attributes": {
            "acl": "private",
            "bucket": "hg-s3-frontend-bucket",
            "bucket_key_enabled": false,
            "cache_control": "",
            "content": null,
            "content_base64": null,
            "content_disposition": "",
            "content_encoding": "",
            "content_language": "",
            "content_type": "binary/octet-stream",
            "etag": "e2b2124a37d60265a2106e264dd6c96e",
            "force_destroy": false,
            "id": "style.css",
            "key": "style.css",
            "kms_key_id": null,
            "metadata": {},
            "object_lock_legal_hold_status": "",
            "object_lock_mode": "",
            "object_lock_retain_until_date": "",
            "server_side_encryption": "",
            "source": "./../dist/style.css",
            "source_hash": null,
            "storage_class": "STANDARD",
            "tags": {},
            "tags_all": {},
            "version_id": "",
            "website_redirect": ""
          },
          "sensitive_attributes": [],
          "private": "bnVsbA==",
          "dependencies": [
            "aws_s3_bucket.bucket"
          ]
        }
      ]
    }
  ]
}
